launch_gate: PASS
original_locked_holdout: 115
post_lock_identity_exclusions: 2
confirmatory_denominator: 113
excluded_ids:
  - PatientID_0113
  - PatientID_0132
performance_seen_before_amendment: false
P0_regenerated: false
future_masks_read_before_launch_lock: false
fixed_threshold: 0.5
primary_endpoint: patient_level_Dice_at_fixed_threshold_0.5
full_pcc_final_round: 10
confirmatory_holm_family_size: 2
wilcoxon_alternative: two-sided
wilcoxon_zero_method: wilcox
bootstrap_replicates: 10000
bootstrap_seed: 20260803
lumieres_started: false
shards:
  0: 29
  1: 27
  2: 29
  3: 28
